
Microsoft Visual Studio Solution File, Format Version 12.00
# Visual Studio Express 2012 for Windows Desktop
Project("{8BC9CEB8-8B4A-11D0-8D11-00A0C91BC942}") = "scff_dsf", "scff_dsf\scff_dsf.vcxproj", "{B525A541-2E41-424C-B549-D70CA0AA982F}"
	ProjectSection(ProjectDependencies) = postProject
		{E8A3F6FA-AE1C-4C8E-A0B6-9C8480324EAA} = {E8A3F6FA-AE1C-4C8E-A0B6-9C8480324EAA}
	EndProjectSection
EndProject
Project("{8BC9CEB8-8B4A-11D0-8D11-00A0C91BC942}") = "scff_sandbox", "scff_sandbox\scff_sandbox.vcxproj", "{6D985C11-1892-4951-A2D3-62A2AE85F229}"
EndProject
Project("{8BC9CEB8-8B4A-11D0-8D11-00A0C91BC942}") = "BaseClasses", "ext\directshow\baseclasses\BaseClasses.vcxproj", "{E8A3F6FA-AE1C-4C8E-A0B6-9C8480324EAA}"
EndProject
Project("{FAE04EC0-301F-11D3-BF4B-00C04F79EFBC}") = "SCFF.GUI", "SCFF.GUI\SCFF.GUI.csproj", "{5CB3AF3F-A15C-4F6F-8C7B-27EF70316AF9}"
	ProjectSection(ProjectDependencies) = postProject
		{2E0258F9-F198-4B4C-9984-F949D26434CC} = {2E0258F9-F198-4B4C-9984-F949D26434CC}
	EndProjectSection
EndProject
Project("{FAE04EC0-301F-11D3-BF4B-00C04F79EFBC}") = "SCFF.Common", "SCFF.Common\SCFF.Common.csproj", "{2E0258F9-F198-4B4C-9984-F949D26434CC}"
EndProject
Project("{FAE04EC0-301F-11D3-BF4B-00C04F79EFBC}") = "SCFF.Interprocess", "SCFF.Interprocess\SCFF.Interprocess.csproj", "{B0EB2E38-D3D9-4A69-8C40-D41B9D5E43DB}"
EndProject
Project("{FAE04EC0-301F-11D3-BF4B-00C04F79EFBC}") = "SCFF.Common.Tests", "SCFF.Common.Tests\SCFF.Common.Tests.csproj", "{1207FFE6-32DA-49C1-9CD9-099A65593DF0}"
EndProject
Global
	GlobalSection(SolutionConfigurationPlatforms) = preSolution
		Debug|Win32 = Debug|Win32
		Debug|x64 = Debug|x64
		Release|Win32 = Release|Win32
		Release|x64 = Release|x64
	EndGlobalSection
	GlobalSection(ProjectConfigurationPlatforms) = postSolution
		{B525A541-2E41-424C-B549-D70CA0AA982F}.Debug|Win32.ActiveCfg = Debug|Win32
		{B525A541-2E41-424C-B549-D70CA0AA982F}.Debug|Win32.Build.0 = Debug|Win32
		{B525A541-2E41-424C-B549-D70CA0AA982F}.Debug|x64.ActiveCfg = Debug|x64
		{B525A541-2E41-424C-B549-D70CA0AA982F}.Debug|x64.Build.0 = Debug|x64
		{B525A541-2E41-424C-B549-D70CA0AA982F}.Release|Win32.ActiveCfg = Release|Win32
		{B525A541-2E41-424C-B549-D70CA0AA982F}.Release|Win32.Build.0 = Release|Win32
		{B525A541-2E41-424C-B549-D70CA0AA982F}.Release|x64.ActiveCfg = Release|x64
		{B525A541-2E41-424C-B549-D70CA0AA982F}.Release|x64.Build.0 = Release|x64
		{6D985C11-1892-4951-A2D3-62A2AE85F229}.Debug|Win32.ActiveCfg = Debug|Win32
		{6D985C11-1892-4951-A2D3-62A2AE85F229}.Debug|Win32.Build.0 = Debug|Win32
		{6D985C11-1892-4951-A2D3-62A2AE85F229}.Debug|x64.ActiveCfg = Debug|x64
		{6D985C11-1892-4951-A2D3-62A2AE85F229}.Debug|x64.Build.0 = Debug|x64
		{6D985C11-1892-4951-A2D3-62A2AE85F229}.Release|Win32.ActiveCfg = Release|Win32
		{6D985C11-1892-4951-A2D3-62A2AE85F229}.Release|Win32.Build.0 = Release|Win32
		{6D985C11-1892-4951-A2D3-62A2AE85F229}.Release|x64.ActiveCfg = Release|x64
		{6D985C11-1892-4951-A2D3-62A2AE85F229}.Release|x64.Build.0 = Release|x64
		{E8A3F6FA-AE1C-4C8E-A0B6-9C8480324EAA}.Debug|Win32.ActiveCfg = Debug|Win32
		{E8A3F6FA-AE1C-4C8E-A0B6-9C8480324EAA}.Debug|Win32.Build.0 = Debug|Win32
		{E8A3F6FA-AE1C-4C8E-A0B6-9C8480324EAA}.Debug|x64.ActiveCfg = Release|x64
		{E8A3F6FA-AE1C-4C8E-A0B6-9C8480324EAA}.Debug|x64.Build.0 = Release|x64
		{E8A3F6FA-AE1C-4C8E-A0B6-9C8480324EAA}.Release|Win32.ActiveCfg = Release|Win32
		{E8A3F6FA-AE1C-4C8E-A0B6-9C8480324EAA}.Release|Win32.Build.0 = Release|Win32
		{E8A3F6FA-AE1C-4C8E-A0B6-9C8480324EAA}.Release|x64.ActiveCfg = Release|x64
		{E8A3F6FA-AE1C-4C8E-A0B6-9C8480324EAA}.Release|x64.Build.0 = Release|x64
		{5CB3AF3F-A15C-4F6F-8C7B-27EF70316AF9}.Debug|Win32.ActiveCfg = Debug|x86
		{5CB3AF3F-A15C-4F6F-8C7B-27EF70316AF9}.Debug|Win32.Build.0 = Debug|x86
		{5CB3AF3F-A15C-4F6F-8C7B-27EF70316AF9}.Debug|x64.ActiveCfg = Debug|x86
		{5CB3AF3F-A15C-4F6F-8C7B-27EF70316AF9}.Debug|x64.Build.0 = Debug|x86
		{5CB3AF3F-A15C-4F6F-8C7B-27EF70316AF9}.Release|Win32.ActiveCfg = Release|x86
		{5CB3AF3F-A15C-4F6F-8C7B-27EF70316AF9}.Release|Win32.Build.0 = Release|x86
		{5CB3AF3F-A15C-4F6F-8C7B-27EF70316AF9}.Release|x64.ActiveCfg = Release|x86
		{5CB3AF3F-A15C-4F6F-8C7B-27EF70316AF9}.Release|x64.Build.0 = Release|x86
		{2E0258F9-F198-4B4C-9984-F949D26434CC}.Debug|Win32.ActiveCfg = Debug|x86
		{2E0258F9-F198-4B4C-9984-F949D26434CC}.Debug|Win32.Build.0 = Debug|x86
		{2E0258F9-F198-4B4C-9984-F949D26434CC}.Debug|x64.ActiveCfg = Debug|x86
		{2E0258F9-F198-4B4C-9984-F949D26434CC}.Debug|x64.Build.0 = Debug|x86
		{2E0258F9-F198-4B4C-9984-F949D26434CC}.Release|Win32.ActiveCfg = Release|x86
		{2E0258F9-F198-4B4C-9984-F949D26434CC}.Release|Win32.Build.0 = Release|x86
		{2E0258F9-F198-4B4C-9984-F949D26434CC}.Release|x64.ActiveCfg = Release|x86
		{2E0258F9-F198-4B4C-9984-F949D26434CC}.Release|x64.Build.0 = Release|x86
		{B0EB2E38-D3D9-4A69-8C40-D41B9D5E43DB}.Debug|Win32.ActiveCfg = Debug|x86
		{B0EB2E38-D3D9-4A69-8C40-D41B9D5E43DB}.Debug|Win32.Build.0 = Debug|x86
		{B0EB2E38-D3D9-4A69-8C40-D41B9D5E43DB}.Debug|x64.ActiveCfg = Debug|x86
		{B0EB2E38-D3D9-4A69-8C40-D41B9D5E43DB}.Debug|x64.Build.0 = Debug|x86
		{B0EB2E38-D3D9-4A69-8C40-D41B9D5E43DB}.Release|Win32.ActiveCfg = Release|x86
		{B0EB2E38-D3D9-4A69-8C40-D41B9D5E43DB}.Release|Win32.Build.0 = Release|x86
		{B0EB2E38-D3D9-4A69-8C40-D41B9D5E43DB}.Release|x64.ActiveCfg = Release|x86
		{B0EB2E38-D3D9-4A69-8C40-D41B9D5E43DB}.Release|x64.Build.0 = Release|x86
		{1207FFE6-32DA-49C1-9CD9-099A65593DF0}.Debug|Win32.ActiveCfg = Debug|x86
		{1207FFE6-32DA-49C1-9CD9-099A65593DF0}.Debug|Win32.Build.0 = Debug|x86
		{1207FFE6-32DA-49C1-9CD9-099A65593DF0}.Debug|x64.ActiveCfg = Debug|x86
		{1207FFE6-32DA-49C1-9CD9-099A65593DF0}.Release|Win32.ActiveCfg = Release|x86
		{1207FFE6-32DA-49C1-9CD9-099A65593DF0}.Release|Win32.Build.0 = Release|x86
		{1207FFE6-32DA-49C1-9CD9-099A65593DF0}.Release|x64.ActiveCfg = Release|x86
	EndGlobalSection
	GlobalSection(SolutionProperties) = preSolution
		HideSolutionNode = FALSE
	EndGlobalSection
EndGlobal
