<?xml version="1.0" encoding="utf-8"?>
<Project ToolsVersion="4.0" xmlns="http://schemas.microsoft.com/developer/msbuild/2003">
  <ItemGroup>
    <Filter Include="リソース ファイル">
      <UniqueIdentifier>{67DA6AB6-F800-4c08-8B7A-83BB121AAD01}</UniqueIdentifier>
      <Extensions>rc;ico;cur;bmp;dlg;rc2;rct;bin;rgs;gif;jpg;jpeg;jpe;resx;tiff;tif;png;wav;mfcribbon-ms</Extensions>
    </Filter>
    <Filter Include="base">
      <UniqueIdentifier>{e140f878-f4e6-4a1b-bef3-93170491fd0c}</UniqueIdentifier>
    </Filter>
    <Filter Include="ext">
      <UniqueIdentifier>{a5377094-f746-475b-bb08-29f90d6ce201}</UniqueIdentifier>
    </Filter>
    <Filter Include="scff_interprocess">
      <UniqueIdentifier>{4abe54c4-1a72-4204-91e2-38b1e8749f52}</UniqueIdentifier>
    </Filter>
    <Filter Include="scff_imaging">
      <UniqueIdentifier>{4FC737F1-C7A5-4376-A066-2A32D752A2FF}</UniqueIdentifier>
      <Extensions>cpp;c;cc;cxx;def;odl;idl;hpj;bat;asm;asmx</Extensions>
    </Filter>
  </ItemGroup>
  <ItemGroup>
    <ClCompile Include="base\scff_dsf.cc">
      <Filter>base</Filter>
    </ClCompile>
    <ClCompile Include="base\scff_output_pin_implement.cc">
      <Filter>base</Filter>
    </ClCompile>
    <ClCompile Include="base\scff_output_pin.cc">
      <Filter>base</Filter>
    </ClCompile>
    <ClCompile Include="base\scff_source.cc">
      <Filter>base</Filter>
    </ClCompile>
    <ClCompile Include="base\scff_monitor.cc">
      <Filter>base</Filter>
    </ClCompile>
    <ClCompile Include="base\constants.cc">
      <Filter>base</Filter>
    </ClCompile>
    <ClCompile Include="base\debug.cc">
      <Filter>base</Filter>
    </ClCompile>
    <ClCompile Include="base\scff_clock_time.cc">
      <Filter>base</Filter>
    </ClCompile>
    <ClCompile Include="..\ext\src\libavfilter\drawutils.cc">
      <Filter>ext</Filter>
    </ClCompile>
    <ClCompile Include="scff_imaging\engine.cc">
      <Filter>scff_imaging</Filter>
    </ClCompile>
    <ClCompile Include="scff_imaging\image.cc">
      <Filter>scff_imaging</Filter>
    </ClCompile>
    <ClCompile Include="scff_imaging\native_layout.cc">
      <Filter>scff_imaging</Filter>
    </ClCompile>
    <ClCompile Include="scff_imaging\padding.cc">
      <Filter>scff_imaging</Filter>
    </ClCompile>
    <ClCompile Include="scff_imaging\raw_bitmap_image.cc">
      <Filter>scff_imaging</Filter>
    </ClCompile>
    <ClCompile Include="scff_imaging\request.cc">
      <Filter>scff_imaging</Filter>
    </ClCompile>
    <ClCompile Include="scff_imaging\scale.cc">
      <Filter>scff_imaging</Filter>
    </ClCompile>
    <ClCompile Include="scff_imaging\screen_capture.cc">
      <Filter>scff_imaging</Filter>
    </ClCompile>
    <ClCompile Include="scff_imaging\splash_screen.cc">
      <Filter>scff_imaging</Filter>
    </ClCompile>
    <ClCompile Include="scff_imaging\utilities.cc">
      <Filter>scff_imaging</Filter>
    </ClCompile>
    <ClCompile Include="scff_imaging\windows_ddb_image.cc">
      <Filter>scff_imaging</Filter>
    </ClCompile>
    <ClCompile Include="scff_interprocess\interprocess.cc">
      <Filter>scff_interprocess</Filter>
    </ClCompile>
    <ClCompile Include="scff_imaging\complex_layout.cc">
      <Filter>scff_imaging</Filter>
    </ClCompile>
    <ClCompile Include="..\ext\src\libavfilter\formats.cc">
      <Filter>ext</Filter>
    </ClCompile>
    <ClCompile Include="scff_imaging\avframe_image.cc">
      <Filter>scff_imaging</Filter>
    </ClCompile>
    <ClCompile Include="scff_imaging\avframe_bitmap_image.cc">
      <Filter>scff_imaging</Filter>
    </ClCompile>
  </ItemGroup>
  <ItemGroup>
    <None Include="base\scff_dsf_x64.def">
      <Filter>base</Filter>
    </None>
    <None Include="base\scff_dsf_Win32.def">
      <Filter>base</Filter>
    </None>
    <None Include="base\scff_dsf.dox">
      <Filter>base</Filter>
    </None>
    <None Include="scff_dsf.bmp">
      <Filter>リソース ファイル</Filter>
    </None>
    <None Include="..\ext\include\libavfilter\all_channel_layouts.inc">
      <Filter>ext</Filter>
    </None>
  </ItemGroup>
  <ItemGroup>
    <ClInclude Include="base\scff_source.h">
      <Filter>base</Filter>
    </ClInclude>
    <ClInclude Include="base\scff_output_pin.h">
      <Filter>base</Filter>
    </ClInclude>
    <ClInclude Include="base\scff_monitor.h">
      <Filter>base</Filter>
    </ClInclude>
    <ClInclude Include="base\constants.h">
      <Filter>base</Filter>
    </ClInclude>
    <ClInclude Include="base\debug.h">
      <Filter>base</Filter>
    </ClInclude>
    <ClInclude Include="base\scff_clock_time.h">
      <Filter>base</Filter>
    </ClInclude>
    <ClInclude Include="resource.h">
      <Filter>リソース ファイル</Filter>
    </ClInclude>
    <ClInclude Include="..\ext\include\libavfilter\drawutils.h">
      <Filter>ext</Filter>
    </ClInclude>
    <ClInclude Include="..\ext\include\libavutil\colorspace.h">
      <Filter>ext</Filter>
    </ClInclude>
    <ClInclude Include="scff_imaging\engine.h">
      <Filter>scff_imaging</Filter>
    </ClInclude>
    <ClInclude Include="scff_imaging\image.h">
      <Filter>scff_imaging</Filter>
    </ClInclude>
    <ClInclude Include="scff_imaging\imaging.h">
      <Filter>scff_imaging</Filter>
    </ClInclude>
    <ClInclude Include="scff_imaging\imaging_types.h">
      <Filter>scff_imaging</Filter>
    </ClInclude>
    <ClInclude Include="scff_imaging\native_layout.h">
      <Filter>scff_imaging</Filter>
    </ClInclude>
    <ClInclude Include="scff_imaging\padding.h">
      <Filter>scff_imaging</Filter>
    </ClInclude>
    <ClInclude Include="scff_imaging\processor.h">
      <Filter>scff_imaging</Filter>
    </ClInclude>
    <ClInclude Include="scff_imaging\raw_bitmap_image.h">
      <Filter>scff_imaging</Filter>
    </ClInclude>
    <ClInclude Include="scff_imaging\request.h">
      <Filter>scff_imaging</Filter>
    </ClInclude>
    <ClInclude Include="scff_imaging\scale.h">
      <Filter>scff_imaging</Filter>
    </ClInclude>
    <ClInclude Include="scff_imaging\screen_capture.h">
      <Filter>scff_imaging</Filter>
    </ClInclude>
    <ClInclude Include="scff_imaging\splash_screen.h">
      <Filter>scff_imaging</Filter>
    </ClInclude>
    <ClInclude Include="scff_imaging\utilities.h">
      <Filter>scff_imaging</Filter>
    </ClInclude>
    <ClInclude Include="scff_imaging\windows_ddb_image.h">
      <Filter>scff_imaging</Filter>
    </ClInclude>
    <ClInclude Include="scff_interprocess\interprocess.h">
      <Filter>scff_interprocess</Filter>
    </ClInclude>
    <ClInclude Include="scff_imaging\debug.h">
      <Filter>scff_imaging</Filter>
    </ClInclude>
    <ClInclude Include="scff_imaging\complex_layout.h">
      <Filter>scff_imaging</Filter>
    </ClInclude>
    <ClInclude Include="scff_imaging\common.h">
      <Filter>scff_imaging</Filter>
    </ClInclude>
    <ClInclude Include="scff_imaging\layout.h">
      <Filter>scff_imaging</Filter>
    </ClInclude>
    <ClInclude Include="..\ext\include\libavfilter\formats.h">
      <Filter>ext</Filter>
    </ClInclude>
    <ClInclude Include="scff_imaging\avframe_image.h">
      <Filter>scff_imaging</Filter>
    </ClInclude>
    <ClInclude Include="scff_imaging\avframe_bitmap_image.h">
      <Filter>scff_imaging</Filter>
    </ClInclude>
  </ItemGroup>
  <ItemGroup>
    <ResourceCompile Include="scff_dsf.rc">
      <Filter>リソース ファイル</Filter>
    </ResourceCompile>
  </ItemGroup>
</Project>