<?xml version="1.0" encoding="utf-8"?>
<Project ToolsVersion="4.0" xmlns="http://schemas.microsoft.com/developer/msbuild/2003">
  <ItemGroup>
    <Filter Include="リソース ファイル">
      <UniqueIdentifier>{67DA6AB6-F800-4c08-8B7A-83BB121AAD01}</UniqueIdentifier>
      <Extensions>rc;ico;cur;bmp;dlg;rc2;rct;bin;rgs;gif;jpg;jpeg;jpe;resx;tiff;tif;png;wav;mfcribbon-ms</Extensions>
    </Filter>
    <Filter Include="base">
      <UniqueIdentifier>{e140f878-f4e6-4a1b-bef3-93170491fd0c}</UniqueIdentifier>
    </Filter>
    <Filter Include="ext">
      <UniqueIdentifier>{a5377094-f746-475b-bb08-29f90d6ce201}</UniqueIdentifier>
    </Filter>
    <Filter Include="scff-interprocess">
      <UniqueIdentifier>{4abe54c4-1a72-4204-91e2-38b1e8749f52}</UniqueIdentifier>
    </Filter>
    <Filter Include="scff-imaging">
      <UniqueIdentifier>{4FC737F1-C7A5-4376-A066-2A32D752A2FF}</UniqueIdentifier>
      <Extensions>cpp;c;cc;cxx;def;odl;idl;hpj;bat;asm;asmx</Extensions>
    </Filter>
  </ItemGroup>
  <ItemGroup>
    <ClCompile Include="base\scff-dsf.cc">
      <Filter>base</Filter>
    </ClCompile>
    <ClCompile Include="base\scff-output-pin-implement.cc">
      <Filter>base</Filter>
    </ClCompile>
    <ClCompile Include="base\scff-output-pin.cc">
      <Filter>base</Filter>
    </ClCompile>
    <ClCompile Include="base\scff-source.cc">
      <Filter>base</Filter>
    </ClCompile>
    <ClCompile Include="base\scff-monitor.cc">
      <Filter>base</Filter>
    </ClCompile>
    <ClCompile Include="base\constants.cc">
      <Filter>base</Filter>
    </ClCompile>
    <ClCompile Include="base\debug.cc">
      <Filter>base</Filter>
    </ClCompile>
    <ClCompile Include="base\scff-quality-controlled-time.cc">
      <Filter>base</Filter>
    </ClCompile>
    <ClCompile Include="base\scff-clock-time.cc">
      <Filter>base</Filter>
    </ClCompile>
    <ClCompile Include="..\ext\src\libavfilter\drawutils.cc">
      <Filter>ext</Filter>
    </ClCompile>
    <ClCompile Include="scff-imaging\avpicture-image.cc">
      <Filter>scff-imaging</Filter>
    </ClCompile>
    <ClCompile Include="scff-imaging\avpicture-with-fill-image.cc">
      <Filter>scff-imaging</Filter>
    </ClCompile>
    <ClCompile Include="scff-imaging\engine.cc">
      <Filter>scff-imaging</Filter>
    </ClCompile>
    <ClCompile Include="scff-imaging\image.cc">
      <Filter>scff-imaging</Filter>
    </ClCompile>
    <ClCompile Include="scff-imaging\native-layout.cc">
      <Filter>scff-imaging</Filter>
    </ClCompile>
    <ClCompile Include="scff-imaging\padding.cc">
      <Filter>scff-imaging</Filter>
    </ClCompile>
    <ClCompile Include="scff-imaging\raw-bitmap-image.cc">
      <Filter>scff-imaging</Filter>
    </ClCompile>
    <ClCompile Include="scff-imaging\request.cc">
      <Filter>scff-imaging</Filter>
    </ClCompile>
    <ClCompile Include="scff-imaging\scale.cc">
      <Filter>scff-imaging</Filter>
    </ClCompile>
    <ClCompile Include="scff-imaging\screen-capture.cc">
      <Filter>scff-imaging</Filter>
    </ClCompile>
    <ClCompile Include="scff-imaging\splash-screen.cc">
      <Filter>scff-imaging</Filter>
    </ClCompile>
    <ClCompile Include="scff-imaging\utilities.cc">
      <Filter>scff-imaging</Filter>
    </ClCompile>
    <ClCompile Include="scff-imaging\windows-ddb-image.cc">
      <Filter>scff-imaging</Filter>
    </ClCompile>
    <ClCompile Include="scff-interprocess\interprocess.cc">
      <Filter>scff-interprocess</Filter>
    </ClCompile>
    <ClCompile Include="scff-imaging\complex-layout.cc">
      <Filter>scff-imaging</Filter>
    </ClCompile>
  </ItemGroup>
  <ItemGroup>
    <None Include="base\scff-dsf-amd64.def">
      <Filter>base</Filter>
    </None>
    <None Include="base\scff-dsf-x86.def">
      <Filter>base</Filter>
    </None>
    <None Include="base\scff-dsf.dox">
      <Filter>base</Filter>
    </None>
    <None Include="scff-dsf.bmp">
      <Filter>リソース ファイル</Filter>
    </None>
  </ItemGroup>
  <ItemGroup>
    <ClInclude Include="base\scff-source.h">
      <Filter>base</Filter>
    </ClInclude>
    <ClInclude Include="base\scff-output-pin.h">
      <Filter>base</Filter>
    </ClInclude>
    <ClInclude Include="base\scff-monitor.h">
      <Filter>base</Filter>
    </ClInclude>
    <ClInclude Include="base\constants.h">
      <Filter>base</Filter>
    </ClInclude>
    <ClInclude Include="base\debug.h">
      <Filter>base</Filter>
    </ClInclude>
    <ClInclude Include="base\scff-quality-controlled-time.h">
      <Filter>base</Filter>
    </ClInclude>
    <ClInclude Include="base\scff-clock-time.h">
      <Filter>base</Filter>
    </ClInclude>
    <ClInclude Include="resource.h">
      <Filter>リソース ファイル</Filter>
    </ClInclude>
    <ClInclude Include="..\ext\include\libavfilter\drawutils.h">
      <Filter>ext</Filter>
    </ClInclude>
    <ClInclude Include="..\ext\include\libavutil\colorspace.h">
      <Filter>ext</Filter>
    </ClInclude>
    <ClInclude Include="scff-imaging\avpicture-image.h">
      <Filter>scff-imaging</Filter>
    </ClInclude>
    <ClInclude Include="scff-imaging\avpicture-with-fill-image.h">
      <Filter>scff-imaging</Filter>
    </ClInclude>
    <ClInclude Include="scff-imaging\engine.h">
      <Filter>scff-imaging</Filter>
    </ClInclude>
    <ClInclude Include="scff-imaging\image.h">
      <Filter>scff-imaging</Filter>
    </ClInclude>
    <ClInclude Include="scff-imaging\imaging.h">
      <Filter>scff-imaging</Filter>
    </ClInclude>
    <ClInclude Include="scff-imaging\imaging-types.h">
      <Filter>scff-imaging</Filter>
    </ClInclude>
    <ClInclude Include="scff-imaging\native-layout.h">
      <Filter>scff-imaging</Filter>
    </ClInclude>
    <ClInclude Include="scff-imaging\padding.h">
      <Filter>scff-imaging</Filter>
    </ClInclude>
    <ClInclude Include="scff-imaging\processor.h">
      <Filter>scff-imaging</Filter>
    </ClInclude>
    <ClInclude Include="scff-imaging\raw-bitmap-image.h">
      <Filter>scff-imaging</Filter>
    </ClInclude>
    <ClInclude Include="scff-imaging\request.h">
      <Filter>scff-imaging</Filter>
    </ClInclude>
    <ClInclude Include="scff-imaging\scale.h">
      <Filter>scff-imaging</Filter>
    </ClInclude>
    <ClInclude Include="scff-imaging\screen-capture.h">
      <Filter>scff-imaging</Filter>
    </ClInclude>
    <ClInclude Include="scff-imaging\splash-screen.h">
      <Filter>scff-imaging</Filter>
    </ClInclude>
    <ClInclude Include="scff-imaging\utilities.h">
      <Filter>scff-imaging</Filter>
    </ClInclude>
    <ClInclude Include="scff-imaging\windows-ddb-image.h">
      <Filter>scff-imaging</Filter>
    </ClInclude>
    <ClInclude Include="scff-interprocess\interprocess.h">
      <Filter>scff-interprocess</Filter>
    </ClInclude>
    <ClInclude Include="scff-imaging\debug.h">
      <Filter>scff-imaging</Filter>
    </ClInclude>
    <ClInclude Include="scff-imaging\complex-layout.h">
      <Filter>scff-imaging</Filter>
    </ClInclude>
    <ClInclude Include="scff-imaging\common.h">
      <Filter>scff-imaging</Filter>
    </ClInclude>
  </ItemGroup>
  <ItemGroup>
    <ResourceCompile Include="scff-dsf.rc">
      <Filter>リソース ファイル</Filter>
    </ResourceCompile>
  </ItemGroup>
</Project>